
Microsoft Visual Studio Solution File, Format Version 12.00
# Visual Studio Version 17
VisualStudioVersion = 17.0.31903.59
MinimumVisualStudioVersion = 10.0.40219.1
Project("{9A19103F-16F7-4668-BE54-9A1E7A4F7556}") = "SignalRServer", "SignalRServer\SignalRServer.csproj", "{2FED3D70-B081-472E-A5E7-AFEAF2BB6AD5}"
EndProject
Project("{9A19103F-16F7-4668-BE54-9A1E7A4F7556}") = "BlazorClient", "BlazorClient\BlazorClient.csproj", "{E4D1D00D-D00F-4295-B091-536C20F9871D}"
EndProject
Project("{9A19103F-16F7-4668-BE54-9A1E7A4F7556}") = "DotnetClient", "DotnetClient\DotnetClient.csproj", "{09B71827-E831-4AEF-9447-D62F337150BF}"
EndProject
Project("{9A19103F-16F7-4668-BE54-9A1E7A4F7556}") = "WebSocketClient", "WebSocketClient\WebSocketClient.csproj", "{072939FE-5019-43E3-B3BE-89FF85B82B87}"
EndProject
Global
	GlobalSection(SolutionConfigurationPlatforms) = preSolution
		Debug|Any CPU = Debug|Any CPU
		Release|Any CPU = Release|Any CPU
	EndGlobalSection
	GlobalSection(ProjectConfigurationPlatforms) = postSolution
		{2FED3D70-B081-472E-A5E7-AFEAF2BB6AD5}.Debug|Any CPU.ActiveCfg = Debug|Any CPU
		{2FED3D70-B081-472E-A5E7-AFEAF2BB6AD5}.Debug|Any CPU.Build.0 = Debug|Any CPU
		{2FED3D70-B081-472E-A5E7-AFEAF2BB6AD5}.Release|Any CPU.ActiveCfg = Release|Any CPU
		{2FED3D70-B081-472E-A5E7-AFEAF2BB6AD5}.Release|Any CPU.Build.0 = Release|Any CPU
		{E4D1D00D-D00F-4295-B091-536C20F9871D}.Debug|Any CPU.ActiveCfg = Debug|Any CPU
		{E4D1D00D-D00F-4295-B091-536C20F9871D}.Debug|Any CPU.Build.0 = Debug|Any CPU
		{E4D1D00D-D00F-4295-B091-536C20F9871D}.Release|Any CPU.ActiveCfg = Release|Any CPU
		{E4D1D00D-D00F-4295-B091-536C20F9871D}.Release|Any CPU.Build.0 = Release|Any CPU
		{09B71827-E831-4AEF-9447-D62F337150BF}.Debug|Any CPU.ActiveCfg = Debug|Any CPU
		{09B71827-E831-4AEF-9447-D62F337150BF}.Debug|Any CPU.Build.0 = Debug|Any CPU
		{09B71827-E831-4AEF-9447-D62F337150BF}.Release|Any CPU.ActiveCfg = Release|Any CPU
		{09B71827-E831-4AEF-9447-D62F337150BF}.Release|Any CPU.Build.0 = Release|Any CPU
		{072939FE-5019-43E3-B3BE-89FF85B82B87}.Debug|Any CPU.ActiveCfg = Debug|Any CPU
		{072939FE-5019-43E3-B3BE-89FF85B82B87}.Debug|Any CPU.Build.0 = Debug|Any CPU
		{072939FE-5019-43E3-B3BE-89FF85B82B87}.Release|Any CPU.ActiveCfg = Release|Any CPU
		{072939FE-5019-43E3-B3BE-89FF85B82B87}.Release|Any CPU.Build.0 = Release|Any CPU
	EndGlobalSection
	GlobalSection(SolutionProperties) = preSolution
		HideSolutionNode = FALSE
	EndGlobalSection
	GlobalSection(ExtensibilityGlobals) = postSolution
		SolutionGuid = {60F46B23-8B27-48D5-BC13-7C361AB1813E}
	EndGlobalSection
EndGlobal
